
Microsoft Visual Studio Solution File, Format Version 12.00
# Visual Studio Version 16
VisualStudioVersion = 16.0.31424.327
MinimumVisualStudioVersion = 10.0.40219.1
Project("{9A19103F-16F7-4668-BE54-9A1E7A4F7556}") = "LeetCode", "LeetCode.csproj", "{B578A53D-02EB-473D-A452-E190C125D1B4}"
EndProject
Project("{9A19103F-16F7-4668-BE54-9A1E7A4F7556}") = "Valid Parentheses", "Valid Parentheses\Valid Parentheses.csproj", "{D9A8CCE9-C7B7-41DA-B5E8-08799F859BE9}"
EndProject
Project("{9A19103F-16F7-4668-BE54-9A1E7A4F7556}") = "Palindrome Number", "Palindrome Number\Palindrome Number.csproj", "{C31F480E-EC7D-48C2-A6B2-D7FA90447125}"
EndProject
Project("{9A19103F-16F7-4668-BE54-9A1E7A4F7556}") = "Median Finder", "Median Finder\Median Finder.csproj", "{5C7C1458-89AB-4056-BE99-804E0D7CA9CC}"
EndProject
Project("{9A19103F-16F7-4668-BE54-9A1E7A4F7556}") = "Longest Substring Without Repeating", "Longest Substring Without Repeating\Longest Substring Without Repeating.csproj", "{8CF607D8-0FCB-4CDB-98BF-4309CE09E469}"
EndProject
Project("{9A19103F-16F7-4668-BE54-9A1E7A4F7556}") = "Isomorphic String", "Isomorphic String\Isomorphic String.csproj", "{5AC9BC1E-B252-476C-A5DC-2EE16AEAEE33}"
EndProject
Project("{9A19103F-16F7-4668-BE54-9A1E7A4F7556}") = "Distribute Candies", "Distribute Candies\Distribute Candies.csproj", "{56414C33-3586-4877-8633-2F98AAE4E4F5}"
EndProject
Project("{9A19103F-16F7-4668-BE54-9A1E7A4F7556}") = "4Sum", "4Sum\4Sum.csproj", "{0EF7EC99-C2F7-4FA8-8AB8-779B9044DF25}"
EndProject
Global
	GlobalSection(SolutionConfigurationPlatforms) = preSolution
		Debug|Any CPU = Debug|Any CPU
		Release|Any CPU = Release|Any CPU
	EndGlobalSection
	GlobalSection(ProjectConfigurationPlatforms) = postSolution
		{B578A53D-02EB-473D-A452-E190C125D1B4}.Debug|Any CPU.ActiveCfg = Debug|Any CPU
		{B578A53D-02EB-473D-A452-E190C125D1B4}.Debug|Any CPU.Build.0 = Debug|Any CPU
		{B578A53D-02EB-473D-A452-E190C125D1B4}.Release|Any CPU.ActiveCfg = Release|Any CPU
		{B578A53D-02EB-473D-A452-E190C125D1B4}.Release|Any CPU.Build.0 = Release|Any CPU
		{D9A8CCE9-C7B7-41DA-B5E8-08799F859BE9}.Debug|Any CPU.ActiveCfg = Debug|Any CPU
		{D9A8CCE9-C7B7-41DA-B5E8-08799F859BE9}.Debug|Any CPU.Build.0 = Debug|Any CPU
		{D9A8CCE9-C7B7-41DA-B5E8-08799F859BE9}.Release|Any CPU.ActiveCfg = Release|Any CPU
		{D9A8CCE9-C7B7-41DA-B5E8-08799F859BE9}.Release|Any CPU.Build.0 = Release|Any CPU
		{C31F480E-EC7D-48C2-A6B2-D7FA90447125}.Debug|Any CPU.ActiveCfg = Debug|Any CPU
		{C31F480E-EC7D-48C2-A6B2-D7FA90447125}.Debug|Any CPU.Build.0 = Debug|Any CPU
		{C31F480E-EC7D-48C2-A6B2-D7FA90447125}.Release|Any CPU.ActiveCfg = Release|Any CPU
		{C31F480E-EC7D-48C2-A6B2-D7FA90447125}.Release|Any CPU.Build.0 = Release|Any CPU
		{5C7C1458-89AB-4056-BE99-804E0D7CA9CC}.Debug|Any CPU.ActiveCfg = Debug|Any CPU
		{5C7C1458-89AB-4056-BE99-804E0D7CA9CC}.Debug|Any CPU.Build.0 = Debug|Any CPU
		{5C7C1458-89AB-4056-BE99-804E0D7CA9CC}.Release|Any CPU.ActiveCfg = Release|Any CPU
		{5C7C1458-89AB-4056-BE99-804E0D7CA9CC}.Release|Any CPU.Build.0 = Release|Any CPU
		{8CF607D8-0FCB-4CDB-98BF-4309CE09E469}.Debug|Any CPU.ActiveCfg = Debug|Any CPU
		{8CF607D8-0FCB-4CDB-98BF-4309CE09E469}.Debug|Any CPU.Build.0 = Debug|Any CPU
		{8CF607D8-0FCB-4CDB-98BF-4309CE09E469}.Release|Any CPU.ActiveCfg = Release|Any CPU
		{8CF607D8-0FCB-4CDB-98BF-4309CE09E469}.Release|Any CPU.Build.0 = Release|Any CPU
		{5AC9BC1E-B252-476C-A5DC-2EE16AEAEE33}.Debug|Any CPU.ActiveCfg = Debug|Any CPU
		{5AC9BC1E-B252-476C-A5DC-2EE16AEAEE33}.Debug|Any CPU.Build.0 = Debug|Any CPU
		{5AC9BC1E-B252-476C-A5DC-2EE16AEAEE33}.Release|Any CPU.ActiveCfg = Release|Any CPU
		{5AC9BC1E-B252-476C-A5DC-2EE16AEAEE33}.Release|Any CPU.Build.0 = Release|Any CPU
		{56414C33-3586-4877-8633-2F98AAE4E4F5}.Debug|Any CPU.ActiveCfg = Debug|Any CPU
		{56414C33-3586-4877-8633-2F98AAE4E4F5}.Debug|Any CPU.Build.0 = Debug|Any CPU
		{56414C33-3586-4877-8633-2F98AAE4E4F5}.Release|Any CPU.ActiveCfg = Release|Any CPU
		{56414C33-3586-4877-8633-2F98AAE4E4F5}.Release|Any CPU.Build.0 = Release|Any CPU
		{0EF7EC99-C2F7-4FA8-8AB8-779B9044DF25}.Debug|Any CPU.ActiveCfg = Debug|Any CPU
		{0EF7EC99-C2F7-4FA8-8AB8-779B9044DF25}.Debug|Any CPU.Build.0 = Debug|Any CPU
		{0EF7EC99-C2F7-4FA8-8AB8-779B9044DF25}.Release|Any CPU.ActiveCfg = Release|Any CPU
		{0EF7EC99-C2F7-4FA8-8AB8-779B9044DF25}.Release|Any CPU.Build.0 = Release|Any CPU
	EndGlobalSection
	GlobalSection(SolutionProperties) = preSolution
		HideSolutionNode = FALSE
	EndGlobalSection
	GlobalSection(ExtensibilityGlobals) = postSolution
		SolutionGuid = {404124C5-B40E-448A-8B7B-96882F340A4D}
	EndGlobalSection
EndGlobal
