
Microsoft Visual Studio Solution File, Format Version 12.00
# Visual Studio Version 16
VisualStudioVersion = 16.0.31424.327
MinimumVisualStudioVersion = 10.0.40219.1
Project("{FAE04EC0-301F-11D3-BF4B-00C04F79EFBC}") = "LeetCode", "LeetCode.csproj", "{AD963AD1-3547-4400-8623-6B540D4E86B3}"
EndProject
Global
	GlobalSection(SolutionConfigurationPlatforms) = preSolution
		Debug|Any CPU = Debug|Any CPU
		Release|Any CPU = Release|Any CPU
	EndGlobalSection
	GlobalSection(ProjectConfigurationPlatforms) = postSolution
		{AD963AD1-3547-4400-8623-6B540D4E86B3}.Debug|Any CPU.ActiveCfg = Debug|Any CPU
		{AD963AD1-3547-4400-8623-6B540D4E86B3}.Debug|Any CPU.Build.0 = Debug|Any CPU
		{AD963AD1-3547-4400-8623-6B540D4E86B3}.Release|Any CPU.ActiveCfg = Release|Any CPU
		{AD963AD1-3547-4400-8623-6B540D4E86B3}.Release|Any CPU.Build.0 = Release|Any CPU
	EndGlobalSection
	GlobalSection(SolutionProperties) = preSolution
		HideSolutionNode = FALSE
	EndGlobalSection
	GlobalSection(ExtensibilityGlobals) = postSolution
		SolutionGuid = {5DFF5598-4FA1-4FCF-A2B7-F0708423124D}
	EndGlobalSection
EndGlobal
